
Microsoft Visual Studio Solution File, Format Version 12.00
# Visual Studio Version 17
VisualStudioVersion = 17.5.33502.453
MinimumVisualStudioVersion = 10.0.40219.1
Project("{FAE04EC0-301F-11D3-BF4B-00C04F79EFBC}") = "FigureLib", "FigureLib.csproj", "{4909C38C-7B2F-4B21-BF7C-5175ECD32EAC}"
EndProject
Project("{FAE04EC0-301F-11D3-BF4B-00C04F79EFBC}") = "FigureLibTests", "..\FigureLibTests\FigureLibTests.csproj", "{A04CDE5A-E5C8-46EB-8276-1B1BCAE73DB7}"
EndProject
Global
	GlobalSection(SolutionConfigurationPlatforms) = preSolution
		Debug|Any CPU = Debug|Any CPU
		Release|Any CPU = Release|Any CPU
	EndGlobalSection
	GlobalSection(ProjectConfigurationPlatforms) = postSolution
		{4909C38C-7B2F-4B21-BF7C-5175ECD32EAC}.Debug|Any CPU.ActiveCfg = Debug|Any CPU
		{4909C38C-7B2F-4B21-BF7C-5175ECD32EAC}.Debug|Any CPU.Build.0 = Debug|Any CPU
		{4909C38C-7B2F-4B21-BF7C-5175ECD32EAC}.Release|Any CPU.ActiveCfg = Release|Any CPU
		{4909C38C-7B2F-4B21-BF7C-5175ECD32EAC}.Release|Any CPU.Build.0 = Release|Any CPU
		{A04CDE5A-E5C8-46EB-8276-1B1BCAE73DB7}.Debug|Any CPU.ActiveCfg = Debug|Any CPU
		{A04CDE5A-E5C8-46EB-8276-1B1BCAE73DB7}.Debug|Any CPU.Build.0 = Debug|Any CPU
		{A04CDE5A-E5C8-46EB-8276-1B1BCAE73DB7}.Release|Any CPU.ActiveCfg = Release|Any CPU
		{A04CDE5A-E5C8-46EB-8276-1B1BCAE73DB7}.Release|Any CPU.Build.0 = Release|Any CPU
	EndGlobalSection
	GlobalSection(SolutionProperties) = preSolution
		HideSolutionNode = FALSE
	EndGlobalSection
	GlobalSection(ExtensibilityGlobals) = postSolution
		SolutionGuid = {92BD568C-CAF4-42C5-BEBE-93117F434658}
	EndGlobalSection
EndGlobal
